// !$*UTF8*$!
{
	archiveVersion = 1;
	classes = {
	};
	objectVersion = 51;
	objects = {

/* Begin PBXBuildFile section */
		4819CD2C24A1D4EC00B37BFC /* ColumnFlowLayout.swift in Sources */ = {isa = PBXBuildFile; fileRef = 4819CD2B24A1D4EC00B37BFC /* ColumnFlowLayout.swift */; };
		488B46DA24A1F921007BE492 /* UIView+Gradient.swift in Sources */ = {isa = PBXBuildFile; fileRef = 488B46D924A1F921007BE492 /* UIView+Gradient.swift */; };
		488B46DD24A207C8007BE492 /* SPSideMenuViewController.swift in Sources */ = {isa = PBXBuildFile; fileRef = 488B46DC24A207C8007BE492 /* SPSideMenuViewController.swift */; };
		488B46E024A2167B007BE492 /* SideMenuTVCell.swift in Sources */ = {isa = PBXBuildFile; fileRef = 488B46DE24A2167B007BE492 /* SideMenuTVCell.swift */; };
		488B46E124A2167B007BE492 /* SideMenuTVCell.xib in Resources */ = {isa = PBXBuildFile; fileRef = 488B46DF24A2167B007BE492 /* SideMenuTVCell.xib */; };
		48C5FEEA24A09C0D009141D5 /* UIView+AutoLayout.swift in Sources */ = {isa = PBXBuildFile; fileRef = 48C5FEE924A09C0D009141D5 /* UIView+AutoLayout.swift */; };
		48C5FEF524A0A558009141D5 /* Montserrat-Black.otf in Resources */ = {isa = PBXBuildFile; fileRef = 48C5FEED24A0A558009141D5 /* Montserrat-Black.otf */; };
		48C5FEF624A0A558009141D5 /* Montserrat-Regular.otf in Resources */ = {isa = PBXBuildFile; fileRef = 48C5FEEE24A0A558009141D5 /* Montserrat-Regular.otf */; };
		48C5FEF724A0A558009141D5 /* Montserrat-Medium.otf in Resources */ = {isa = PBXBuildFile; fileRef = 48C5FEEF24A0A558009141D5 /* Montserrat-Medium.otf */; };
		48C5FEF824A0A558009141D5 /* Montserrat-SemiBold.otf in Resources */ = {isa = PBXBuildFile; fileRef = 48C5FEF024A0A558009141D5 /* Montserrat-SemiBold.otf */; };
		48C5FEF924A0A558009141D5 /* Montserrat-Italic.otf in Resources */ = {isa = PBXBuildFile; fileRef = 48C5FEF124A0A558009141D5 /* Montserrat-Italic.otf */; };
		48C5FEFA24A0A558009141D5 /* Montserrat-Bold.otf in Resources */ = {isa = PBXBuildFile; fileRef = 48C5FEF224A0A558009141D5 /* Montserrat-Bold.otf */; };
		48C5FEFB24A0A558009141D5 /* Montserrat-ExtraBold.otf in Resources */ = {isa = PBXBuildFile; fileRef = 48C5FEF324A0A558009141D5 /* Montserrat-ExtraBold.otf */; };
		48C5FEFC24A0A558009141D5 /* Montserrat-Light.otf in Resources */ = {isa = PBXBuildFile; fileRef = 48C5FEF424A0A558009141D5 /* Montserrat-Light.otf */; };
		48C5FEFE24A0A6C2009141D5 /* VideoDataManager.swift in Sources */ = {isa = PBXBuildFile; fileRef = 48C5FEFD24A0A6C2009141D5 /* VideoDataManager.swift */; };
		48C5FF0024A0AA20009141D5 /* SPVideoDetail.swift in Sources */ = {isa = PBXBuildFile; fileRef = 48C5FEFF24A0AA20009141D5 /* SPVideoDetail.swift */; };
		48C5FF0324A0AF82009141D5 /* VideoCVCell.swift in Sources */ = {isa = PBXBuildFile; fileRef = 48C5FF0124A0AF82009141D5 /* VideoCVCell.swift */; };
		48C5FF0424A0AF82009141D5 /* VideoCVCell.xib in Resources */ = {isa = PBXBuildFile; fileRef = 48C5FF0224A0AF82009141D5 /* VideoCVCell.xib */; };
		48C9D52E24A3433B00555C4B /* SPVideoDetailViewController.swift in Sources */ = {isa = PBXBuildFile; fileRef = 48C9D52D24A3433B00555C4B /* SPVideoDetailViewController.swift */; };
		48C9D53024A352B400555C4B /* DateExtension.swift in Sources */ = {isa = PBXBuildFile; fileRef = 48C9D52F24A352B400555C4B /* DateExtension.swift */; };
		48C9D53224A3731700555C4B /* VideoDetailDataManager.swift in Sources */ = {isa = PBXBuildFile; fileRef = 48C9D53124A3731700555C4B /* VideoDetailDataManager.swift */; };
		48CFDC6924923B68002DB2DE /* Home.storyboard in Resources */ = {isa = PBXBuildFile; fileRef = 48CFDC6824923B68002DB2DE /* Home.storyboard */; };
		48CFDC6E24923BBF002DB2DE /* SPHomeViewController.swift in Sources */ = {isa = PBXBuildFile; fileRef = 48CFDC6D24923BBF002DB2DE /* SPHomeViewController.swift */; };
		48CFDC7624924FAE002DB2DE /* SPBaseViewController.swift in Sources */ = {isa = PBXBuildFile; fileRef = 48CFDC7524924FAE002DB2DE /* SPBaseViewController.swift */; };
		48CFDC79249250D8002DB2DE /* UIColorExtensions.swift in Sources */ = {isa = PBXBuildFile; fileRef = 48CFDC78249250D8002DB2DE /* UIColorExtensions.swift */; };
		48D1792C24A086F800B08B70 /* StatesDataManager.swift in Sources */ = {isa = PBXBuildFile; fileRef = 48D1792B24A086F800B08B70 /* StatesDataManager.swift */; };
		48D1DC192490A4B100260F3A /* AppDelegate.swift in Sources */ = {isa = PBXBuildFile; fileRef = 48D1DC182490A4B100260F3A /* AppDelegate.swift */; };
		48D1DC1B2490A4B100260F3A /* SceneDelegate.swift in Sources */ = {isa = PBXBuildFile; fileRef = 48D1DC1A2490A4B100260F3A /* SceneDelegate.swift */; };
		48D1DC202490A4B100260F3A /* Main.storyboard in Resources */ = {isa = PBXBuildFile; fileRef = 48D1DC1E2490A4B100260F3A /* Main.storyboard */; };
		48D1DC222490A4B200260F3A /* Assets.xcassets in Resources */ = {isa = PBXBuildFile; fileRef = 48D1DC212490A4B200260F3A /* Assets.xcassets */; };
		48D1DC252490A4B200260F3A /* LaunchScreen.storyboard in Resources */ = {isa = PBXBuildFile; fileRef = 48D1DC232490A4B200260F3A /* LaunchScreen.storyboard */; };
		48D1DC2F2490A7A400260F3A /* LoginSignup.storyboard in Resources */ = {isa = PBXBuildFile; fileRef = 48D1DC2E2490A7A400260F3A /* LoginSignup.storyboard */; };
		48E3020924A37C360019C1B4 /* SuggestedVideoTVCell.swift in Sources */ = {isa = PBXBuildFile; fileRef = 48E3020724A37C360019C1B4 /* SuggestedVideoTVCell.swift */; };
		48E3020A24A37C360019C1B4 /* SuggestedVideoTVCell.xib in Resources */ = {isa = PBXBuildFile; fileRef = 48E3020824A37C360019C1B4 /* SuggestedVideoTVCell.xib */; };
		48E3E691249E4E77005CE6CB /* SPState.swift in Sources */ = {isa = PBXBuildFile; fileRef = 48E3E690249E4E77005CE6CB /* SPState.swift */; };
		48EA4C5F24A4631900164B53 /* SPLoginViewController.swift in Sources */ = {isa = PBXBuildFile; fileRef = 48EA4C5E24A4631900164B53 /* SPLoginViewController.swift */; };
		48EA4C6124A47B6F00164B53 /* SPRegisterViewController.swift in Sources */ = {isa = PBXBuildFile; fileRef = 48EA4C6024A47B6F00164B53 /* SPRegisterViewController.swift */; };
		48EA4C6324A489DF00164B53 /* SPForgotPasswordViewController.swift in Sources */ = {isa = PBXBuildFile; fileRef = 48EA4C6224A489DF00164B53 /* SPForgotPasswordViewController.swift */; };
		48EA4C6524A4961300164B53 /* SPUser.swift in Sources */ = {isa = PBXBuildFile; fileRef = 48EA4C6424A4961300164B53 /* SPUser.swift */; };
		48FD8EA6249DE72400C72683 /* SPVideoListViewController.swift in Sources */ = {isa = PBXBuildFile; fileRef = 48FD8EA5249DE72400C72683 /* SPVideoListViewController.swift */; };
		48FD8EAC249DEB0100C72683 /* ServerProvider.swift in Sources */ = {isa = PBXBuildFile; fileRef = 48FD8EA9249DEB0100C72683 /* ServerProvider.swift */; };
		48FD8EAE249DEB0100C72683 /* NetworkAdapter.swift in Sources */ = {isa = PBXBuildFile; fileRef = 48FD8EAB249DEB0100C72683 /* NetworkAdapter.swift */; };
		48FD8EB0249DEBB300C72683 /* GlobalConstants.swift in Sources */ = {isa = PBXBuildFile; fileRef = 48FD8EAF249DEBB300C72683 /* GlobalConstants.swift */; };
		48FD8EB3249DF09500C72683 /* CustomSplashViewController.swift in Sources */ = {isa = PBXBuildFile; fileRef = 48FD8EB2249DF09500C72683 /* CustomSplashViewController.swift */; };
		48FD8EB5249E02D500C72683 /* UserDataManager.swift in Sources */ = {isa = PBXBuildFile; fileRef = 48FD8EB4249E02D500C72683 /* UserDataManager.swift */; };
		67169D419CC1D1DB00EA47A2 /* Pods_StageProgram.framework in Frameworks */ = {isa = PBXBuildFile; fileRef = ECD3072A5079F00C0FE0BDCF /* Pods_StageProgram.framework */; };
/* End PBXBuildFile section */

/* Begin PBXFileReference section */
		3FAF3BF26A6C2D00702897E1 /* Pods-StageProgram.release.xcconfig */ = {isa = PBXFileReference; includeInIndex = 1; lastKnownFileType = text.xcconfig; name = "Pods-StageProgram.release.xcconfig"; path = "Target Support Files/Pods-StageProgram/Pods-StageProgram.release.xcconfig"; sourceTree = "<group>"; };
		4819CD2B24A1D4EC00B37BFC /* ColumnFlowLayout.swift */ = {isa = PBXFileReference; lastKnownFileType = sourcecode.swift; path = ColumnFlowLayout.swift; sourceTree = "<group>"; };
		488B46D924A1F921007BE492 /* UIView+Gradient.swift */ = {isa = PBXFileReference; lastKnownFileType = sourcecode.swift; path = "UIView+Gradient.swift"; sourceTree = "<group>"; };
		488B46DC24A207C8007BE492 /* SPSideMenuViewController.swift */ = {isa = PBXFileReference; lastKnownFileType = sourcecode.swift; path = SPSideMenuViewController.swift; sourceTree = "<group>"; };
		488B46DE24A2167B007BE492 /* SideMenuTVCell.swift */ = {isa = PBXFileReference; lastKnownFileType = sourcecode.swift; path = SideMenuTVCell.swift; sourceTree = "<group>"; };
		488B46DF24A2167B007BE492 /* SideMenuTVCell.xib */ = {isa = PBXFileReference; lastKnownFileType = file.xib; path = SideMenuTVCell.xib; sourceTree = "<group>"; };
		48C5FEE924A09C0D009141D5 /* UIView+AutoLayout.swift */ = {isa = PBXFileReference; fileEncoding = 4; lastKnownFileType = sourcecode.swift; path = "UIView+AutoLayout.swift"; sourceTree = "<group>"; };
		48C5FEED24A0A558009141D5 /* Montserrat-Black.otf */ = {isa = PBXFileReference; lastKnownFileType = file; path = "Montserrat-Black.otf"; sourceTree = "<group>"; };
		48C5FEEE24A0A558009141D5 /* Montserrat-Regular.otf */ = {isa = PBXFileReference; lastKnownFileType = file; path = "Montserrat-Regular.otf"; sourceTree = "<group>"; };
		48C5FEEF24A0A558009141D5 /* Montserrat-Medium.otf */ = {isa = PBXFileReference; lastKnownFileType = file; path = "Montserrat-Medium.otf"; sourceTree = "<group>"; };
		48C5FEF024A0A558009141D5 /* Montserrat-SemiBold.otf */ = {isa = PBXFileReference; lastKnownFileType = file; path = "Montserrat-SemiBold.otf"; sourceTree = "<group>"; };
		48C5FEF124A0A558009141D5 /* Montserrat-Italic.otf */ = {isa = PBXFileReference; lastKnownFileType = file; path = "Montserrat-Italic.otf"; sourceTree = "<group>"; };
		48C5FEF224A0A558009141D5 /* Montserrat-Bold.otf */ = {isa = PBXFileReference; lastKnownFileType = file; path = "Montserrat-Bold.otf"; sourceTree = "<group>"; };
		48C5FEF324A0A558009141D5 /* Montserrat-ExtraBold.otf */ = {isa = PBXFileReference; lastKnownFileType = file; path = "Montserrat-ExtraBold.otf"; sourceTree = "<group>"; };
		48C5FEF424A0A558009141D5 /* Montserrat-Light.otf */ = {isa = PBXFileReference; lastKnownFileType = file; path = "Montserrat-Light.otf"; sourceTree = "<group>"; };
		48C5FEFD24A0A6C2009141D5 /* VideoDataManager.swift */ = {isa = PBXFileReference; lastKnownFileType = sourcecode.swift; path = VideoDataManager.swift; sourceTree = "<group>"; };
		48C5FEFF24A0AA20009141D5 /* SPVideoDetail.swift */ = {isa = PBXFileReference; fileEncoding = 4; lastKnownFileType = sourcecode.swift; path = SPVideoDetail.swift; sourceTree = "<group>"; };
		48C5FF0124A0AF82009141D5 /* VideoCVCell.swift */ = {isa = PBXFileReference; lastKnownFileType = sourcecode.swift; path = VideoCVCell.swift; sourceTree = "<group>"; };
		48C5FF0224A0AF82009141D5 /* VideoCVCell.xib */ = {isa = PBXFileReference; lastKnownFileType = file.xib; path = VideoCVCell.xib; sourceTree = "<group>"; };
		48C9D52D24A3433B00555C4B /* SPVideoDetailViewController.swift */ = {isa = PBXFileReference; lastKnownFileType = sourcecode.swift; path = SPVideoDetailViewController.swift; sourceTree = "<group>"; };
		48C9D52F24A352B400555C4B /* DateExtension.swift */ = {isa = PBXFileReference; lastKnownFileType = sourcecode.swift; path = DateExtension.swift; sourceTree = "<group>"; };
		48C9D53124A3731700555C4B /* VideoDetailDataManager.swift */ = {isa = PBXFileReference; lastKnownFileType = sourcecode.swift; path = VideoDetailDataManager.swift; sourceTree = "<group>"; };
		48CFDC6824923B68002DB2DE /* Home.storyboard */ = {isa = PBXFileReference; lastKnownFileType = file.storyboard; path = Home.storyboard; sourceTree = "<group>"; };
		48CFDC6D24923BBF002DB2DE /* SPHomeViewController.swift */ = {isa = PBXFileReference; lastKnownFileType = sourcecode.swift; path = SPHomeViewController.swift; sourceTree = "<group>"; };
		48CFDC7524924FAE002DB2DE /* SPBaseViewController.swift */ = {isa = PBXFileReference; lastKnownFileType = sourcecode.swift; path = SPBaseViewController.swift; sourceTree = "<group>"; };
		48CFDC78249250D8002DB2DE /* UIColorExtensions.swift */ = {isa = PBXFileReference; lastKnownFileType = sourcecode.swift; path = UIColorExtensions.swift; sourceTree = "<group>"; };
		48D1792B24A086F800B08B70 /* StatesDataManager.swift */ = {isa = PBXFileReference; lastKnownFileType = sourcecode.swift; path = StatesDataManager.swift; sourceTree = "<group>"; };
		48D1DC152490A4B100260F3A /* StageProgram.app */ = {isa = PBXFileReference; explicitFileType = wrapper.application; includeInIndex = 0; path = StageProgram.app; sourceTree = BUILT_PRODUCTS_DIR; };
		48D1DC182490A4B100260F3A /* AppDelegate.swift */ = {isa = PBXFileReference; lastKnownFileType = sourcecode.swift; path = AppDelegate.swift; sourceTree = "<group>"; };
		48D1DC1A2490A4B100260F3A /* SceneDelegate.swift */ = {isa = PBXFileReference; lastKnownFileType = sourcecode.swift; path = SceneDelegate.swift; sourceTree = "<group>"; };
		48D1DC1F2490A4B100260F3A /* Base */ = {isa = PBXFileReference; lastKnownFileType = file.storyboard; name = Base; path = Base.lproj/Main.storyboard; sourceTree = "<group>"; };
		48D1DC212490A4B200260F3A /* Assets.xcassets */ = {isa = PBXFileReference; lastKnownFileType = folder.assetcatalog; path = Assets.xcassets; sourceTree = "<group>"; };
		48D1DC242490A4B200260F3A /* Base */ = {isa = PBXFileReference; lastKnownFileType = file.storyboard; name = Base; path = Base.lproj/LaunchScreen.storyboard; sourceTree = "<group>"; };
		48D1DC262490A4B200260F3A /* Info.plist */ = {isa = PBXFileReference; lastKnownFileType = text.plist.xml; path = Info.plist; sourceTree = "<group>"; };
		48D1DC2E2490A7A400260F3A /* LoginSignup.storyboard */ = {isa = PBXFileReference; lastKnownFileType = file.storyboard; path = LoginSignup.storyboard; sourceTree = "<group>"; };
		48E3020724A37C360019C1B4 /* SuggestedVideoTVCell.swift */ = {isa = PBXFileReference; lastKnownFileType = sourcecode.swift; path = SuggestedVideoTVCell.swift; sourceTree = "<group>"; };
		48E3020824A37C360019C1B4 /* SuggestedVideoTVCell.xib */ = {isa = PBXFileReference; lastKnownFileType = file.xib; path = SuggestedVideoTVCell.xib; sourceTree = "<group>"; };
		48E3E690249E4E77005CE6CB /* SPState.swift */ = {isa = PBXFileReference; fileEncoding = 4; lastKnownFileType = sourcecode.swift; path = SPState.swift; sourceTree = "<group>"; };
		48EA4C5E24A4631900164B53 /* SPLoginViewController.swift */ = {isa = PBXFileReference; lastKnownFileType = sourcecode.swift; path = SPLoginViewController.swift; sourceTree = "<group>"; };
		48EA4C6024A47B6F00164B53 /* SPRegisterViewController.swift */ = {isa = PBXFileReference; lastKnownFileType = sourcecode.swift; path = SPRegisterViewController.swift; sourceTree = "<group>"; };
		48EA4C6224A489DF00164B53 /* SPForgotPasswordViewController.swift */ = {isa = PBXFileReference; lastKnownFileType = sourcecode.swift; path = SPForgotPasswordViewController.swift; sourceTree = "<group>"; };
		48EA4C6424A4961300164B53 /* SPUser.swift */ = {isa = PBXFileReference; fileEncoding = 4; lastKnownFileType = sourcecode.swift; path = SPUser.swift; sourceTree = "<group>"; };
		48FD8EA5249DE72400C72683 /* SPVideoListViewController.swift */ = {isa = PBXFileReference; lastKnownFileType = sourcecode.swift; path = SPVideoListViewController.swift; sourceTree = "<group>"; };
		48FD8EA9249DEB0100C72683 /* ServerProvider.swift */ = {isa = PBXFileReference; fileEncoding = 4; lastKnownFileType = sourcecode.swift; path = ServerProvider.swift; sourceTree = "<group>"; };
		48FD8EAB249DEB0100C72683 /* NetworkAdapter.swift */ = {isa = PBXFileReference; fileEncoding = 4; lastKnownFileType = sourcecode.swift; path = NetworkAdapter.swift; sourceTree = "<group>"; };
		48FD8EAF249DEBB300C72683 /* GlobalConstants.swift */ = {isa = PBXFileReference; lastKnownFileType = sourcecode.swift; path = GlobalConstants.swift; sourceTree = "<group>"; };
		48FD8EB2249DF09500C72683 /* CustomSplashViewController.swift */ = {isa = PBXFileReference; lastKnownFileType = sourcecode.swift; path = CustomSplashViewController.swift; sourceTree = "<group>"; };
		48FD8EB4249E02D500C72683 /* UserDataManager.swift */ = {isa = PBXFileReference; lastKnownFileType = sourcecode.swift; path = UserDataManager.swift; sourceTree = "<group>"; };
		6D91877B30E971D490CF3E0F /* Pods-StageProgram.debug.xcconfig */ = {isa = PBXFileReference; includeInIndex = 1; lastKnownFileType = text.xcconfig; name = "Pods-StageProgram.debug.xcconfig"; path = "Target Support Files/Pods-StageProgram/Pods-StageProgram.debug.xcconfig"; sourceTree = "<group>"; };
		ECD3072A5079F00C0FE0BDCF /* Pods_StageProgram.framework */ = {isa = PBXFileReference; explicitFileType = wrapper.framework; includeInIndex = 0; path = Pods_StageProgram.framework; sourceTree = BUILT_PRODUCTS_DIR; };
/* End PBXFileReference section */

/* Begin PBXFrameworksBuildPhase section */
		48D1DC122490A4B100260F3A /* Frameworks */ = {
			isa = PBXFrameworksBuildPhase;
			buildActionMask = 2147483647;
			files = (
				67169D419CC1D1DB00EA47A2 /* Pods_StageProgram.framework in Frameworks */,
			);
			runOnlyForDeploymentPostprocessing = 0;
		};
/* End PBXFrameworksBuildPhase section */

/* Begin PBXGroup section */
		16B69BEB7B2DBC9619D7362F /* Frameworks */ = {
			isa = PBXGroup;
			children = (
				ECD3072A5079F00C0FE0BDCF /* Pods_StageProgram.framework */,
			);
			name = Frameworks;
			sourceTree = "<group>";
		};
		488B46DB24A207A9007BE492 /* SideMenu */ = {
			isa = PBXGroup;
			children = (
				488B46DC24A207C8007BE492 /* SPSideMenuViewController.swift */,
			);
			path = SideMenu;
			sourceTree = "<group>";
		};
		48C5FEEB24A0A523009141D5 /* Resources */ = {
			isa = PBXGroup;
			children = (
				48C5FEEC24A0A52C009141D5 /* Fonts */,
			);
			path = Resources;
			sourceTree = "<group>";
		};
		48C5FEEC24A0A52C009141D5 /* Fonts */ = {
			isa = PBXGroup;
			children = (
				48C5FEED24A0A558009141D5 /* Montserrat-Black.otf */,
				48C5FEF224A0A558009141D5 /* Montserrat-Bold.otf */,
				48C5FEF324A0A558009141D5 /* Montserrat-ExtraBold.otf */,
				48C5FEF124A0A558009141D5 /* Montserrat-Italic.otf */,
				48C5FEF424A0A558009141D5 /* Montserrat-Light.otf */,
				48C5FEEF24A0A558009141D5 /* Montserrat-Medium.otf */,
				48C5FEEE24A0A558009141D5 /* Montserrat-Regular.otf */,
				48C5FEF024A0A558009141D5 /* Montserrat-SemiBold.otf */,
			);
			path = Fonts;
			sourceTree = "<group>";
		};
		48C9D52C24A3430C00555C4B /* VideoDetails */ = {
			isa = PBXGroup;
			children = (
				48C9D52D24A3433B00555C4B /* SPVideoDetailViewController.swift */,
			);
			path = VideoDetails;
			sourceTree = "<group>";
		};
		48CFDC6A24923B7D002DB2DE /* UI */ = {
			isa = PBXGroup;
			children = (
				48CFDC6C24923B97002DB2DE /* ViewControllers */,
				48CFDC6B24923B8B002DB2DE /* Views */,
			);
			path = UI;
			sourceTree = "<group>";
		};
		48CFDC6B24923B8B002DB2DE /* Views */ = {
			isa = PBXGroup;
			children = (
				48C5FF0124A0AF82009141D5 /* VideoCVCell.swift */,
				48C5FF0224A0AF82009141D5 /* VideoCVCell.xib */,
				488B46DE24A2167B007BE492 /* SideMenuTVCell.swift */,
				488B46DF24A2167B007BE492 /* SideMenuTVCell.xib */,
				48E3020724A37C360019C1B4 /* SuggestedVideoTVCell.swift */,
				48E3020824A37C360019C1B4 /* SuggestedVideoTVCell.xib */,
			);
			path = Views;
			sourceTree = "<group>";
		};
		48CFDC6C24923B97002DB2DE /* ViewControllers */ = {
			isa = PBXGroup;
			children = (
				48EA4C5D24A462F100164B53 /* LoginSignUp */,
				48C9D52C24A3430C00555C4B /* VideoDetails */,
				488B46DB24A207A9007BE492 /* SideMenu */,
				48FD8EB1249DF08100C72683 /* Splash */,
				48CFDC7424924F8C002DB2DE /* Home */,
				48CFDC7324924F7B002DB2DE /* Base */,
			);
			path = ViewControllers;
			sourceTree = "<group>";
		};
		48CFDC6F24923BCB002DB2DE /* Helpers */ = {
			isa = PBXGroup;
			children = (
				48CFDC77249250B3002DB2DE /* Extensions */,
				48FD8EAF249DEBB300C72683 /* GlobalConstants.swift */,
				4819CD2B24A1D4EC00B37BFC /* ColumnFlowLayout.swift */,
			);
			path = Helpers;
			sourceTree = "<group>";
		};
		48CFDC7024923C0D002DB2DE /* DataAccessLayer */ = {
			isa = PBXGroup;
			children = (
				48FD8EB4249E02D500C72683 /* UserDataManager.swift */,
				48D1792B24A086F800B08B70 /* StatesDataManager.swift */,
				48C5FEFD24A0A6C2009141D5 /* VideoDataManager.swift */,
				48C9D53124A3731700555C4B /* VideoDetailDataManager.swift */,
			);
			path = DataAccessLayer;
			sourceTree = "<group>";
		};
		48CFDC7324924F7B002DB2DE /* Base */ = {
			isa = PBXGroup;
			children = (
				48CFDC7524924FAE002DB2DE /* SPBaseViewController.swift */,
			);
			path = Base;
			sourceTree = "<group>";
		};
		48CFDC7424924F8C002DB2DE /* Home */ = {
			isa = PBXGroup;
			children = (
				48CFDC6D24923BBF002DB2DE /* SPHomeViewController.swift */,
				48FD8EA5249DE72400C72683 /* SPVideoListViewController.swift */,
			);
			path = Home;
			sourceTree = "<group>";
		};
		48CFDC77249250B3002DB2DE /* Extensions */ = {
			isa = PBXGroup;
			children = (
				48C5FEE924A09C0D009141D5 /* UIView+AutoLayout.swift */,
				48CFDC78249250D8002DB2DE /* UIColorExtensions.swift */,
				488B46D924A1F921007BE492 /* UIView+Gradient.swift */,
				48C9D52F24A352B400555C4B /* DateExtension.swift */,
			);
			path = Extensions;
			sourceTree = "<group>";
		};
		48D1DC0C2490A4B100260F3A = {
			isa = PBXGroup;
			children = (
				48D1DC172490A4B100260F3A /* StageProgram */,
				48D1DC162490A4B100260F3A /* Products */,
				E32DBBCDF6F5470425BA6B09 /* Pods */,
				16B69BEB7B2DBC9619D7362F /* Frameworks */,
			);
			sourceTree = "<group>";
		};
		48D1DC162490A4B100260F3A /* Products */ = {
			isa = PBXGroup;
			children = (
				48D1DC152490A4B100260F3A /* StageProgram.app */,
			);
			name = Products;
			sourceTree = "<group>";
		};
		48D1DC172490A4B100260F3A /* StageProgram */ = {
			isa = PBXGroup;
			children = (
				48C5FEEB24A0A523009141D5 /* Resources */,
				48E3E68F249E4E56005CE6CB /* Model */,
				48FD8EA7249DEAC300C72683 /* APIManager */,
				48CFDC7024923C0D002DB2DE /* DataAccessLayer */,
				48CFDC6F24923BCB002DB2DE /* Helpers */,
				48CFDC6A24923B7D002DB2DE /* UI */,
				48D1DC2D2490A6FF00260F3A /* StoryBoards */,
				48D1DC2C2490A4C800260F3A /* AppDelegate */,
				48D1DC1E2490A4B100260F3A /* Main.storyboard */,
				48D1DC212490A4B200260F3A /* Assets.xcassets */,
				48D1DC232490A4B200260F3A /* LaunchScreen.storyboard */,
				48D1DC262490A4B200260F3A /* Info.plist */,
			);
			path = StageProgram;
			sourceTree = "<group>";
		};
		48D1DC2C2490A4C800260F3A /* AppDelegate */ = {
			isa = PBXGroup;
			children = (
				48D1DC182490A4B100260F3A /* AppDelegate.swift */,
				48D1DC1A2490A4B100260F3A /* SceneDelegate.swift */,
			);
			path = AppDelegate;
			sourceTree = "<group>";
		};
		48D1DC2D2490A6FF00260F3A /* StoryBoards */ = {
			isa = PBXGroup;
			children = (
				48D1DC2E2490A7A400260F3A /* LoginSignup.storyboard */,
				48CFDC6824923B68002DB2DE /* Home.storyboard */,
			);
			path = StoryBoards;
			sourceTree = "<group>";
		};
		48E3E68F249E4E56005CE6CB /* Model */ = {
			isa = PBXGroup;
			children = (
				48EA4C6424A4961300164B53 /* SPUser.swift */,
				48C5FEFF24A0AA20009141D5 /* SPVideoDetail.swift */,
				48E3E690249E4E77005CE6CB /* SPState.swift */,
			);
			path = Model;
			sourceTree = "<group>";
		};
		48EA4C5D24A462F100164B53 /* LoginSignUp */ = {
			isa = PBXGroup;
			children = (
				48EA4C5E24A4631900164B53 /* SPLoginViewController.swift */,
				48EA4C6024A47B6F00164B53 /* SPRegisterViewController.swift */,
				48EA4C6224A489DF00164B53 /* SPForgotPasswordViewController.swift */,
			);
			path = LoginSignUp;
			sourceTree = "<group>";
		};
		48FD8EA7249DEAC300C72683 /* APIManager */ = {
			isa = PBXGroup;
			children = (
				48FD8EA8249DEAD100C72683 /* ServerAPI */,
			);
			path = APIManager;
			sourceTree = "<group>";
		};
		48FD8EA8249DEAD100C72683 /* ServerAPI */ = {
			isa = PBXGroup;
			children = (
				48FD8EAB249DEB0100C72683 /* NetworkAdapter.swift */,
				48FD8EA9249DEB0100C72683 /* ServerProvider.swift */,
			);
			path = ServerAPI;
			sourceTree = "<group>";
		};
		48FD8EB1249DF08100C72683 /* Splash */ = {
			isa = PBXGroup;
			children = (
				48FD8EB2249DF09500C72683 /* CustomSplashViewController.swift */,
			);
			path = Splash;
			sourceTree = "<group>";
		};
		E32DBBCDF6F5470425BA6B09 /* Pods */ = {
			isa = PBXGroup;
			children = (
				6D91877B30E971D490CF3E0F /* Pods-StageProgram.debug.xcconfig */,
				3FAF3BF26A6C2D00702897E1 /* Pods-StageProgram.release.xcconfig */,
			);
			path = Pods;
			sourceTree = "<group>";
		};
/* End PBXGroup section */

/* Begin PBXNativeTarget section */
		48D1DC142490A4B100260F3A /* StageProgram */ = {
			isa = PBXNativeTarget;
			buildConfigurationList = 48D1DC292490A4B200260F3A /* Build configuration list for PBXNativeTarget "StageProgram" */;
			buildPhases = (
				A7B43B3FD3EB6D63671E41C3 /* [CP] Check Pods Manifest.lock */,
				48D1DC112490A4B100260F3A /* Sources */,
				48D1DC122490A4B100260F3A /* Frameworks */,
				48D1DC132490A4B100260F3A /* Resources */,
				0126978D820894B24B34379C /* [CP] Embed Pods Frameworks */,
			);
			buildRules = (
			);
			dependencies = (
			);
			name = StageProgram;
			productName = StageProgram;
			productReference = 48D1DC152490A4B100260F3A /* StageProgram.app */;
			productType = "com.apple.product-type.application";
		};
/* End PBXNativeTarget section */

/* Begin PBXProject section */
		48D1DC0D2490A4B100260F3A /* Project object */ = {
			isa = PBXProject;
			attributes = {
				LastSwiftUpdateCheck = 1130;
				LastUpgradeCheck = 1130;
				ORGANIZATIONNAME = "MedRec Technologies";
				TargetAttributes = {
					48D1DC142490A4B100260F3A = {
						CreatedOnToolsVersion = 11.3;
					};
				};
			};
			buildConfigurationList = 48D1DC102490A4B100260F3A /* Build configuration list for PBXProject "StageProgram" */;
			compatibilityVersion = "Xcode 9.3";
			developmentRegion = en;
			hasScannedForEncodings = 0;
			knownRegions = (
				en,
				Base,
			);
			mainGroup = 48D1DC0C2490A4B100260F3A;
			productRefGroup = 48D1DC162490A4B100260F3A /* Products */;
			projectDirPath = "";
			projectRoot = "";
			targets = (
				48D1DC142490A4B100260F3A /* StageProgram */,
			);
		};
/* End PBXProject section */

/* Begin PBXResourcesBuildPhase section */
		48D1DC132490A4B100260F3A /* Resources */ = {
			isa = PBXResourcesBuildPhase;
			buildActionMask = 2147483647;
			files = (
				48C5FEFB24A0A558009141D5 /* Montserrat-ExtraBold.otf in Resources */,
				48C5FEF924A0A558009141D5 /* Montserrat-Italic.otf in Resources */,
				488B46E124A2167B007BE492 /* SideMenuTVCell.xib in Resources */,
				48D1DC2F2490A7A400260F3A /* LoginSignup.storyboard in Resources */,
				48C5FEF724A0A558009141D5 /* Montserrat-Medium.otf in Resources */,
				48E3020A24A37C360019C1B4 /* SuggestedVideoTVCell.xib in Resources */,
				48C5FEFC24A0A558009141D5 /* Montserrat-Light.otf in Resources */,
				48D1DC252490A4B200260F3A /* LaunchScreen.storyboard in Resources */,
				48C5FEF824A0A558009141D5 /* Montserrat-SemiBold.otf in Resources */,
				48D1DC222490A4B200260F3A /* Assets.xcassets in Resources */,
				48D1DC202490A4B100260F3A /* Main.storyboard in Resources */,
				48C5FEF524A0A558009141D5 /* Montserrat-Black.otf in Resources */,
				48C5FEF624A0A558009141D5 /* Montserrat-Regular.otf in Resources */,
				48CFDC6924923B68002DB2DE /* Home.storyboard in Resources */,
				48C5FF0424A0AF82009141D5 /* VideoCVCell.xib in Resources */,
				48C5FEFA24A0A558009141D5 /* Montserrat-Bold.otf in Resources */,
			);
			runOnlyForDeploymentPostprocessing = 0;
		};
/* End PBXResourcesBuildPhase section */

/* Begin PBXShellScriptBuildPhase section */
		0126978D820894B24B34379C /* [CP] Embed Pods Frameworks */ = {
			isa = PBXShellScriptBuildPhase;
			buildActionMask = 2147483647;
			files = (
			);
			inputFileListPaths = (
				"${PODS_ROOT}/Target Support Files/Pods-StageProgram/Pods-StageProgram-frameworks-${CONFIGURATION}-input-files.xcfilelist",
			);
			name = "[CP] Embed Pods Frameworks";
			outputFileListPaths = (
				"${PODS_ROOT}/Target Support Files/Pods-StageProgram/Pods-StageProgram-frameworks-${CONFIGURATION}-output-files.xcfilelist",
			);
			runOnlyForDeploymentPostprocessing = 0;
			shellPath = /bin/sh;
			shellScript = "\"${PODS_ROOT}/Target Support Files/Pods-StageProgram/Pods-StageProgram-frameworks.sh\"\n";
			showEnvVarsInLog = 0;
		};
		A7B43B3FD3EB6D63671E41C3 /* [CP] Check Pods Manifest.lock */ = {
			isa = PBXShellScriptBuildPhase;
			buildActionMask = 2147483647;
			files = (
			);
			inputFileListPaths = (
			);
			inputPaths = (
				"${PODS_PODFILE_DIR_PATH}/Podfile.lock",
				"${PODS_ROOT}/Manifest.lock",
			);
			name = "[CP] Check Pods Manifest.lock";
			outputFileListPaths = (
			);
			outputPaths = (
				"$(DERIVED_FILE_DIR)/Pods-StageProgram-checkManifestLockResult.txt",
			);
			runOnlyForDeploymentPostprocessing = 0;
			shellPath = /bin/sh;
			shellScript = "diff \"${PODS_PODFILE_DIR_PATH}/Podfile.lock\" \"${PODS_ROOT}/Manifest.lock\" > /dev/null\nif [ $? != 0 ] ; then\n    # print error to STDERR\n    echo \"error: The sandbox is not in sync with the Podfile.lock. Run 'pod install' or update your CocoaPods installation.\" >&2\n    exit 1\nfi\n# This output is used by Xcode 'outputs' to avoid re-running this script phase.\necho \"SUCCESS\" > \"${SCRIPT_OUTPUT_FILE_0}\"\n";
			showEnvVarsInLog = 0;
		};
/* End PBXShellScriptBuildPhase section */

/* Begin PBXSourcesBuildPhase section */
		48D1DC112490A4B100260F3A /* Sources */ = {
			isa = PBXSourcesBuildPhase;
			buildActionMask = 2147483647;
			files = (
				48EA4C6124A47B6F00164B53 /* SPRegisterViewController.swift in Sources */,
				48E3E691249E4E77005CE6CB /* SPState.swift in Sources */,
				48C9D53224A3731700555C4B /* VideoDetailDataManager.swift in Sources */,
				4819CD2C24A1D4EC00B37BFC /* ColumnFlowLayout.swift in Sources */,
				48D1792C24A086F800B08B70 /* StatesDataManager.swift in Sources */,
				48D1DC192490A4B100260F3A /* AppDelegate.swift in Sources */,
				48C5FEEA24A09C0D009141D5 /* UIView+AutoLayout.swift in Sources */,
				48EA4C6524A4961300164B53 /* SPUser.swift in Sources */,
				488B46E024A2167B007BE492 /* SideMenuTVCell.swift in Sources */,
				488B46DA24A1F921007BE492 /* UIView+Gradient.swift in Sources */,
				48EA4C6324A489DF00164B53 /* SPForgotPasswordViewController.swift in Sources */,
				48FD8EB3249DF09500C72683 /* CustomSplashViewController.swift in Sources */,
				48CFDC7624924FAE002DB2DE /* SPBaseViewController.swift in Sources */,
				488B46DD24A207C8007BE492 /* SPSideMenuViewController.swift in Sources */,
				48C9D52E24A3433B00555C4B /* SPVideoDetailViewController.swift in Sources */,
				48E3020924A37C360019C1B4 /* SuggestedVideoTVCell.swift in Sources */,
				48FD8EB0249DEBB300C72683 /* GlobalConstants.swift in Sources */,
				48D1DC1B2490A4B100260F3A /* SceneDelegate.swift in Sources */,
				48FD8EAC249DEB0100C72683 /* ServerProvider.swift in Sources */,
				48C9D53024A352B400555C4B /* DateExtension.swift in Sources */,
				48C5FEFE24A0A6C2009141D5 /* VideoDataManager.swift in Sources */,
				48CFDC6E24923BBF002DB2DE /* SPHomeViewController.swift in Sources */,
				48C5FF0324A0AF82009141D5 /* VideoCVCell.swift in Sources */,
				48C5FF0024A0AA20009141D5 /* SPVideoDetail.swift in Sources */,
				48FD8EB5249E02D500C72683 /* UserDataManager.swift in Sources */,
				48FD8EAE249DEB0100C72683 /* NetworkAdapter.swift in Sources */,
				48CFDC79249250D8002DB2DE /* UIColorExtensions.swift in Sources */,
				48EA4C5F24A4631900164B53 /* SPLoginViewController.swift in Sources */,
				48FD8EA6249DE72400C72683 /* SPVideoListViewController.swift in Sources */,
			);
			runOnlyForDeploymentPostprocessing = 0;
		};
/* End PBXSourcesBuildPhase section */

/* Begin PBXVariantGroup section */
		48D1DC1E2490A4B100260F3A /* Main.storyboard */ = {
			isa = PBXVariantGroup;
			children = (
				48D1DC1F2490A4B100260F3A /* Base */,
			);
			name = Main.storyboard;
			sourceTree = "<group>";
		};
		48D1DC232490A4B200260F3A /* LaunchScreen.storyboard */ = {
			isa = PBXVariantGroup;
			children = (
				48D1DC242490A4B200260F3A /* Base */,
			);
			name = LaunchScreen.storyboard;
			sourceTree = "<group>";
		};
/* End PBXVariantGroup section */

/* Begin XCBuildConfiguration section */
		48D1DC272490A4B200260F3A /* Debug */ = {
			isa = XCBuildConfiguration;
			buildSettings = {
				ALWAYS_SEARCH_USER_PATHS = NO;
				CLANG_ANALYZER_NONNULL = YES;
				CLANG_ANALYZER_NUMBER_OBJECT_CONVERSION = YES_AGGRESSIVE;
				CLANG_CXX_LANGUAGE_STANDARD = "gnu++14";
				CLANG_CXX_LIBRARY = "libc++";
				CLANG_ENABLE_MODULES = YES;
				CLANG_ENABLE_OBJC_ARC = YES;
				CLANG_ENABLE_OBJC_WEAK = YES;
				CLANG_WARN_BLOCK_CAPTURE_AUTORELEASING = YES;
				CLANG_WARN_BOOL_CONVERSION = YES;
				CLANG_WARN_COMMA = YES;
				CLANG_WARN_CONSTANT_CONVERSION = YES;
				CLANG_WARN_DEPRECATED_OBJC_IMPLEMENTATIONS = YES;
				CLANG_WARN_DIRECT_OBJC_ISA_USAGE = YES_ERROR;
				CLANG_WARN_DOCUMENTATION_COMMENTS = YES;
				CLANG_WARN_EMPTY_BODY = YES;
				CLANG_WARN_ENUM_CONVERSION = YES;
				CLANG_WARN_INFINITE_RECURSION = YES;
				CLANG_WARN_INT_CONVERSION = YES;
				CLANG_WARN_NON_LITERAL_NULL_CONVERSION = YES;
				CLANG_WARN_OBJC_IMPLICIT_RETAIN_SELF = YES;
				CLANG_WARN_OBJC_LITERAL_CONVERSION = YES;
				CLANG_WARN_OBJC_ROOT_CLASS = YES_ERROR;
				CLANG_WARN_RANGE_LOOP_ANALYSIS = YES;
				CLANG_WARN_STRICT_PROTOTYPES = YES;
				CLANG_WARN_SUSPICIOUS_MOVE = YES;
				CLANG_WARN_UNGUARDED_AVAILABILITY = YES_AGGRESSIVE;
				CLANG_WARN_UNREACHABLE_CODE = YES;
				CLANG_WARN__DUPLICATE_METHOD_MATCH = YES;
				COPY_PHASE_STRIP = NO;
				DEBUG_INFORMATION_FORMAT = dwarf;
				ENABLE_STRICT_OBJC_MSGSEND = YES;
				ENABLE_TESTABILITY = YES;
				GCC_C_LANGUAGE_STANDARD = gnu11;
				GCC_DYNAMIC_NO_PIC = NO;
				GCC_NO_COMMON_BLOCKS = YES;
				GCC_OPTIMIZATION_LEVEL = 0;
				GCC_PREPROCESSOR_DEFINITIONS = (
					"DEBUG=1",
					"$(inherited)",
				);
				GCC_WARN_64_TO_32_BIT_CONVERSION = YES;
				GCC_WARN_ABOUT_RETURN_TYPE = YES_ERROR;
				GCC_WARN_UNDECLARED_SELECTOR = YES;
				GCC_WARN_UNINITIALIZED_AUTOS = YES_AGGRESSIVE;
				GCC_WARN_UNUSED_FUNCTION = YES;
				GCC_WARN_UNUSED_VARIABLE = YES;
				IPHONEOS_DEPLOYMENT_TARGET = 13.2;
				MTL_ENABLE_DEBUG_INFO = INCLUDE_SOURCE;
				MTL_FAST_MATH = YES;
				ONLY_ACTIVE_ARCH = YES;
				SDKROOT = iphoneos;
				SWIFT_ACTIVE_COMPILATION_CONDITIONS = DEBUG;
				SWIFT_OPTIMIZATION_LEVEL = "-Onone";
			};
			name = Debug;
		};
		48D1DC282490A4B200260F3A /* Release */ = {
			isa = XCBuildConfiguration;
			buildSettings = {
				ALWAYS_SEARCH_USER_PATHS = NO;
				CLANG_ANALYZER_NONNULL = YES;
				CLANG_ANALYZER_NUMBER_OBJECT_CONVERSION = YES_AGGRESSIVE;
				CLANG_CXX_LANGUAGE_STANDARD = "gnu++14";
				CLANG_CXX_LIBRARY = "libc++";
				CLANG_ENABLE_MODULES = YES;
				CLANG_ENABLE_OBJC_ARC = YES;
				CLANG_ENABLE_OBJC_WEAK = YES;
				CLANG_WARN_BLOCK_CAPTURE_AUTORELEASING = YES;
				CLANG_WARN_BOOL_CONVERSION = YES;
				CLANG_WARN_COMMA = YES;
				CLANG_WARN_CONSTANT_CONVERSION = YES;
				CLANG_WARN_DEPRECATED_OBJC_IMPLEMENTATIONS = YES;
				CLANG_WARN_DIRECT_OBJC_ISA_USAGE = YES_ERROR;
				CLANG_WARN_DOCUMENTATION_COMMENTS = YES;
				CLANG_WARN_EMPTY_BODY = YES;
				CLANG_WARN_ENUM_CONVERSION = YES;
				CLANG_WARN_INFINITE_RECURSION = YES;
				CLANG_WARN_INT_CONVERSION = YES;
				CLANG_WARN_NON_LITERAL_NULL_CONVERSION = YES;
				CLANG_WARN_OBJC_IMPLICIT_RETAIN_SELF = YES;
				CLANG_WARN_OBJC_LITERAL_CONVERSION = YES;
				CLANG_WARN_OBJC_ROOT_CLASS = YES_ERROR;
				CLANG_WARN_RANGE_LOOP_ANALYSIS = YES;
				CLANG_WARN_STRICT_PROTOTYPES = YES;
				CLANG_WARN_SUSPICIOUS_MOVE = YES;
				CLANG_WARN_UNGUARDED_AVAILABILITY = YES_AGGRESSIVE;
				CLANG_WARN_UNREACHABLE_CODE = YES;
				CLANG_WARN__DUPLICATE_METHOD_MATCH = YES;
				COPY_PHASE_STRIP = NO;
				DEBUG_INFORMATION_FORMAT = "dwarf-with-dsym";
				ENABLE_NS_ASSERTIONS = NO;
				ENABLE_STRICT_OBJC_MSGSEND = YES;
				GCC_C_LANGUAGE_STANDARD = gnu11;
				GCC_NO_COMMON_BLOCKS = YES;
				GCC_WARN_64_TO_32_BIT_CONVERSION = YES;
				GCC_WARN_ABOUT_RETURN_TYPE = YES_ERROR;
				GCC_WARN_UNDECLARED_SELECTOR = YES;
				GCC_WARN_UNINITIALIZED_AUTOS = YES_AGGRESSIVE;
				GCC_WARN_UNUSED_FUNCTION = YES;
				GCC_WARN_UNUSED_VARIABLE = YES;
				IPHONEOS_DEPLOYMENT_TARGET = 13.2;
				MTL_ENABLE_DEBUG_INFO = NO;
				MTL_FAST_MATH = YES;
				SDKROOT = iphoneos;
				SWIFT_COMPILATION_MODE = wholemodule;
				SWIFT_OPTIMIZATION_LEVEL = "-O";
				VALIDATE_PRODUCT = YES;
			};
			name = Release;
		};
		48D1DC2A2490A4B200260F3A /* Debug */ = {
			isa = XCBuildConfiguration;
			baseConfigurationReference = 6D91877B30E971D490CF3E0F /* Pods-StageProgram.debug.xcconfig */;
			buildSettings = {
				ASSETCATALOG_COMPILER_APPICON_NAME = AppIcon;
				CODE_SIGN_STYLE = Automatic;
				DEVELOPMENT_TEAM = S456V39VT8;
				INFOPLIST_FILE = StageProgram/Info.plist;
				IPHONEOS_DEPLOYMENT_TARGET = 11.0;
				LD_RUNPATH_SEARCH_PATHS = (
					"$(inherited)",
					"@executable_path/Frameworks",
				);
				PRODUCT_BUNDLE_IDENTIFIER = com.rajeev.stageshow;
				PRODUCT_NAME = "$(TARGET_NAME)";
				SWIFT_VERSION = 5.0;
				TARGETED_DEVICE_FAMILY = 1;
			};
			name = Debug;
		};
		48D1DC2B2490A4B200260F3A /* Release */ = {
			isa = XCBuildConfiguration;
			baseConfigurationReference = 3FAF3BF26A6C2D00702897E1 /* Pods-StageProgram.release.xcconfig */;
			buildSettings = {
				ASSETCATALOG_COMPILER_APPICON_NAME = AppIcon;
				CODE_SIGN_STYLE = Automatic;
				DEVELOPMENT_TEAM = S456V39VT8;
				INFOPLIST_FILE = StageProgram/Info.plist;
				IPHONEOS_DEPLOYMENT_TARGET = 11.0;
				LD_RUNPATH_SEARCH_PATHS = (
					"$(inherited)",
					"@executable_path/Frameworks",
				);
				PRODUCT_BUNDLE_IDENTIFIER = com.rajeev.stageshow;
				PRODUCT_NAME = "$(TARGET_NAME)";
				SWIFT_VERSION = 5.0;
				TARGETED_DEVICE_FAMILY = 1;
			};
			name = Release;
		};
/* End XCBuildConfiguration section */

/* Begin XCConfigurationList section */
		48D1DC102490A4B100260F3A /* Build configuration list for PBXProject "StageProgram" */ = {
			isa = XCConfigurationList;
			buildConfigurations = (
				48D1DC272490A4B200260F3A /* Debug */,
				48D1DC282490A4B200260F3A /* Release */,
			);
			defaultConfigurationIsVisible = 0;
			defaultConfigurationName = Release;
		};
		48D1DC292490A4B200260F3A /* Build configuration list for PBXNativeTarget "StageProgram" */ = {
			isa = XCConfigurationList;
			buildConfigurations = (
				48D1DC2A2490A4B200260F3A /* Debug */,
				48D1DC2B2490A4B200260F3A /* Release */,
			);
			defaultConfigurationIsVisible = 0;
			defaultConfigurationName = Release;
		};
/* End XCConfigurationList section */
	};
	rootObject = 48D1DC0D2490A4B100260F3A /* Project object */;
}
