PODS:
  - Alamofire (5.2.1)
  - IQKeyboardManagerSwift (6.5.5)
  - MBProgressHUD (1.2.0)
  - Moya/Core (14.0.0):
    - Alamofire (~> 5.0)
  - Moya/RxSwift (14.0.0):
    - Moya/Core
    - RxSwift (~> 5.0)
  - Parchment (2.4.0)
  - RxSwift (5.1.1)
  - SDWebImage (5.8.1):
    - SDWebImage/Core (= 5.8.1)
  - SDWebImage/Core (5.8.1)
  - SideMenu (6.4.8)
  - SwiftyJSON (4.3.0)

DEPENDENCIES:
  - Alamofire
  - IQKeyboardManagerSwift
  - MBProgressHUD (~> 1.2.0)
  - Moya/RxSwift
  - Parchment
  - SDWebImage (~> 5.0)
  - SideMenu
  - SwiftyJSON (~> 4.0)

SPEC REPOS:
  trunk:
    - Alamofire
    - IQKeyboardManagerSwift
    - MBProgressHUD
    - Moya
    - Parchment
    - RxSwift
    - SDWebImage
    - SideMenu
    - SwiftyJSON

SPEC CHECKSUMS:
  Alamofire: e911732990610fe89af59ac0077f923d72dc3dfd
  IQKeyboardManagerSwift: 0fb93310284665245591f50f7a5e38de615960b7
  MBProgressHUD: 3ee5efcc380f6a79a7cc9b363dd669c5e1ae7406
  Moya: 5b45dacb75adb009f97fde91c204c1e565d31916
  Parchment: 002785473861582385db5c6725165353c500198e
  RxSwift: 81470a2074fa8780320ea5fe4102807cb7118178
  SDWebImage: e3eae2eda88578db0685a0c88597fdadd9433f05
  SideMenu: 4a891be552d30bb6fa87ad404d62e485f8450c34
  SwiftyJSON: 6faa0040f8b59dead0ee07436cbf76b73c08fd08

PODFILE CHECKSUM: 62df7bc04186a242ebbe58f40b5a1a69b05baeb7

COCOAPODS: 1.8.4
